github.com/woozymasta/lintkit v0.2.1 h1:6Up1elafvgbFAnJE+1quYXKL/1Xz45JK7XJ6qTUlbqs=
github.com/woozymasta/lintkit v0.2.1/go.mod h1:VKGsQVFUdIW9XYxHA3WJPHOKSGIGJ9O+S4vFb/nBd/k=
github.com/woozymasta/pathrules v0.1.2 h1:RXETYaAaADfyJEJkbMVUaVcmPkbtpALWwXClO6Ssvtc=
github.com/woozymasta/pathrules v0.1.2/go.mod h1:80PI6so6HaHEs1JKqYjI50NH/IUediJkdygKIfMbuIc=
