github.com/woozymasta/lintkit v0.1.0 h1:QKqmr19Pj/LHoJ/e2weP1DaPrtBaiNuXBySBbYZ3pMs=
github.com/woozymasta/lintkit v0.1.0/go.mod h1:VKGsQVFUdIW9XYxHA3WJPHOKSGIGJ9O+S4vFb/nBd/k=
github.com/woozymasta/pathrules v0.1.2 h1:RXETYaAaADfyJEJkbMVUaVcmPkbtpALWwXClO6Ssvtc=
github.com/woozymasta/pathrules v0.1.2/go.mod h1:80PI6so6HaHEs1JKqYjI50NH/IUediJkdygKIfMbuIc=
